
Microsoft Visual Studio Solution File, Format Version 12.00
# Visual Studio Version 16
VisualStudioVersion = 16.0.29806.167
MinimumVisualStudioVersion = 10.0.40219.1
Project("{9A19103F-16F7-4668-BE54-9A1E7A4F7556}") = "ContactManagerApi", "ContactManagerApi\ContactManagerApi.csproj", "{A3F75E82-A9AA-4D6C-8EA8-B6C01A4F3169}"
EndProject
Project("{9A19103F-16F7-4668-BE54-9A1E7A4F7556}") = "ContactManagerCore", "ContactManagerCore\ContactManagerCore.csproj", "{BA062051-23F7-4A0C-9843-4FD33CBDDA21}"
EndProject
Global
	GlobalSection(SolutionConfigurationPlatforms) = preSolution
		Debug|Any CPU = Debug|Any CPU
		Release|Any CPU = Release|Any CPU
	EndGlobalSection
	GlobalSection(ProjectConfigurationPlatforms) = postSolution
		{A3F75E82-A9AA-4D6C-8EA8-B6C01A4F3169}.Debug|Any CPU.ActiveCfg = Debug|Any CPU
		{A3F75E82-A9AA-4D6C-8EA8-B6C01A4F3169}.Debug|Any CPU.Build.0 = Debug|Any CPU
		{A3F75E82-A9AA-4D6C-8EA8-B6C01A4F3169}.Release|Any CPU.ActiveCfg = Release|Any CPU
		{A3F75E82-A9AA-4D6C-8EA8-B6C01A4F3169}.Release|Any CPU.Build.0 = Release|Any CPU
		{BA062051-23F7-4A0C-9843-4FD33CBDDA21}.Debug|Any CPU.ActiveCfg = Debug|Any CPU
		{BA062051-23F7-4A0C-9843-4FD33CBDDA21}.Debug|Any CPU.Build.0 = Debug|Any CPU
		{BA062051-23F7-4A0C-9843-4FD33CBDDA21}.Release|Any CPU.ActiveCfg = Release|Any CPU
		{BA062051-23F7-4A0C-9843-4FD33CBDDA21}.Release|Any CPU.Build.0 = Release|Any CPU
	EndGlobalSection
	GlobalSection(SolutionProperties) = preSolution
		HideSolutionNode = FALSE
	EndGlobalSection
	GlobalSection(ExtensibilityGlobals) = postSolution
		SolutionGuid = {94E454BB-17FB-4A61-8BA0-B9C0DDC38BC8}
	EndGlobalSection
EndGlobal
